
Microsoft Visual Studio Solution File, Format Version 12.00
# Visual Studio Version 16
VisualStudioVersion = 16.0.29519.87
MinimumVisualStudioVersion = 10.0.40219.1
Project("{FAE04EC0-301F-11D3-BF4B-00C04F79EFBC}") = "homework1", "homework1\homework1.csproj", "{10448F51-5684-4C79-8E69-54D53C713E78}"
EndProject
Global
	GlobalSection(SolutionConfigurationPlatforms) = preSolution
		Debug|Any CPU = Debug|Any CPU
		Release|Any CPU = Release|Any CPU
	EndGlobalSection
	GlobalSection(ProjectConfigurationPlatforms) = postSolution
		{10448F51-5684-4C79-8E69-54D53C713E78}.Debug|Any CPU.ActiveCfg = Debug|Any CPU
		{10448F51-5684-4C79-8E69-54D53C713E78}.Debug|Any CPU.Build.0 = Debug|Any CPU
		{10448F51-5684-4C79-8E69-54D53C713E78}.Release|Any CPU.ActiveCfg = Release|Any CPU
		{10448F51-5684-4C79-8E69-54D53C713E78}.Release|Any CPU.Build.0 = Release|Any CPU
	EndGlobalSection
	GlobalSection(SolutionProperties) = preSolution
		HideSolutionNode = FALSE
	EndGlobalSection
	GlobalSection(ExtensibilityGlobals) = postSolution
		SolutionGuid = {E9B912FB-84A3-4A0A-8736-5ED76A077E3C}
	EndGlobalSection
EndGlobal
